
Microsoft Visual Studio Solution File, Format Version 12.00
# Visual Studio Version 16
VisualStudioVersion = 16.0.31424.327
MinimumVisualStudioVersion = 10.0.40219.1
Project("{FAE04EC0-301F-11D3-BF4B-00C04F79EFBC}") = "LessonEF", "LessonEF\LessonEF.csproj", "{5A636875-3EB1-4AD4-B140-9F064B86C6E6}"
EndProject
Global
	GlobalSection(SolutionConfigurationPlatforms) = preSolution
		Debug|Any CPU = Debug|Any CPU
		Release|Any CPU = Release|Any CPU
	EndGlobalSection
	GlobalSection(ProjectConfigurationPlatforms) = postSolution
		{5A636875-3EB1-4AD4-B140-9F064B86C6E6}.Debug|Any CPU.ActiveCfg = Debug|Any CPU
		{5A636875-3EB1-4AD4-B140-9F064B86C6E6}.Debug|Any CPU.Build.0 = Debug|Any CPU
		{5A636875-3EB1-4AD4-B140-9F064B86C6E6}.Release|Any CPU.ActiveCfg = Release|Any CPU
		{5A636875-3EB1-4AD4-B140-9F064B86C6E6}.Release|Any CPU.Build.0 = Release|Any CPU
	EndGlobalSection
	GlobalSection(SolutionProperties) = preSolution
		HideSolutionNode = FALSE
	EndGlobalSection
	GlobalSection(ExtensibilityGlobals) = postSolution
		SolutionGuid = {F3EE72AF-1263-40CC-B223-9957A10623D9}
	EndGlobalSection
EndGlobal
